
Microsoft Visual Studio Solution File, Format Version 12.00
# Visual Studio Version 17
VisualStudioVersion = 17.3.32929.385
MinimumVisualStudioVersion = 10.0.40219.1
Project("{FAE04EC0-301F-11D3-BF4B-00C04F79EFBC}") = "Cafe-4", "Cafe-4.csproj", "{976DB8A0-28D4-4AAC-9332-112FE1405DC0}"
EndProject
Global
	GlobalSection(SolutionConfigurationPlatforms) = preSolution
		Debug|Any CPU = Debug|Any CPU
		Release|Any CPU = Release|Any CPU
	EndGlobalSection
	GlobalSection(ProjectConfigurationPlatforms) = postSolution
		{976DB8A0-28D4-4AAC-9332-112FE1405DC0}.Debug|Any CPU.ActiveCfg = Debug|Any CPU
		{976DB8A0-28D4-4AAC-9332-112FE1405DC0}.Debug|Any CPU.Build.0 = Debug|Any CPU
		{976DB8A0-28D4-4AAC-9332-112FE1405DC0}.Release|Any CPU.ActiveCfg = Release|Any CPU
		{976DB8A0-28D4-4AAC-9332-112FE1405DC0}.Release|Any CPU.Build.0 = Release|Any CPU
	EndGlobalSection
	GlobalSection(SolutionProperties) = preSolution
		HideSolutionNode = FALSE
	EndGlobalSection
	GlobalSection(ExtensibilityGlobals) = postSolution
		SolutionGuid = {54F25477-9BCC-4B26-B6BC-B8A312424E19}
	EndGlobalSection
EndGlobal
